hash: c68500e347b1ac399cdce896fbbfe32186578c35589f078a2a37fc518d292dc6
updated: 2017-12-26T16:52:47.106067197+08:00
imports:
- name: github.com/xwb1989/sqlparser
  version: da747e0c62c4e145ebd7484cf69f92c0dd192305
  subpackages:
  - dependency/bytes2
  - dependency/hack
  - dependency/querypb
  - dependency/sqltypes
testImports: []
